
Microsoft Visual Studio Solution File, Format Version 12.00
# Visual Studio Version 17
VisualStudioVersion = 17.7.34031.279
MinimumVisualStudioVersion = 10.0.40219.1
Project("{FAE04EC0-301F-11D3-BF4B-00C04F79EFBC}") = "SportsStore", "SportsStore.csproj", "{2AD523E5-3418-434A-B95E-208D9EF5C1FA}"
EndProject
Global
	GlobalSection(SolutionConfigurationPlatforms) = preSolution
		Debug|Any CPU = Debug|Any CPU
		Release|Any CPU = Release|Any CPU
	EndGlobalSection
	GlobalSection(ProjectConfigurationPlatforms) = postSolution
		{2AD523E5-3418-434A-B95E-208D9EF5C1FA}.Debug|Any CPU.ActiveCfg = Debug|Any CPU
		{2AD523E5-3418-434A-B95E-208D9EF5C1FA}.Debug|Any CPU.Build.0 = Debug|Any CPU
		{2AD523E5-3418-434A-B95E-208D9EF5C1FA}.Release|Any CPU.ActiveCfg = Release|Any CPU
		{2AD523E5-3418-434A-B95E-208D9EF5C1FA}.Release|Any CPU.Build.0 = Release|Any CPU
	EndGlobalSection
	GlobalSection(SolutionProperties) = preSolution
		HideSolutionNode = FALSE
	EndGlobalSection
	GlobalSection(ExtensibilityGlobals) = postSolution
		SolutionGuid = {03B53CDF-A0BE-4B08-A738-98C14B4F411C}
	EndGlobalSection
EndGlobal
